
Microsoft Visual Studio Solution File, Format Version 12.00
# Visual Studio Version 17
VisualStudioVersion = 17.14.36518.9 d17.14
MinimumVisualStudioVersion = 10.0.40219.1
Project("{FAE04EC0-301F-11D3-BF4B-00C04F79EFBC}") = "py_bot_mod", "py_bot_mod\py_bot_mod.csproj", "{F4C429C3-44A7-459F-B154-9C7969C49368}"
EndProject
Global
	GlobalSection(SolutionConfigurationPlatforms) = preSolution
		Debug|Any CPU = Debug|Any CPU
		Release|Any CPU = Release|Any CPU
	EndGlobalSection
	GlobalSection(ProjectConfigurationPlatforms) = postSolution
		{F4C429C3-44A7-459F-B154-9C7969C49368}.Debug|Any CPU.ActiveCfg = Debug|Any CPU
		{F4C429C3-44A7-459F-B154-9C7969C49368}.Debug|Any CPU.Build.0 = Debug|Any CPU
		{F4C429C3-44A7-459F-B154-9C7969C49368}.Release|Any CPU.ActiveCfg = Release|Any CPU
		{F4C429C3-44A7-459F-B154-9C7969C49368}.Release|Any CPU.Build.0 = Release|Any CPU
	EndGlobalSection
	GlobalSection(SolutionProperties) = preSolution
		HideSolutionNode = FALSE
	EndGlobalSection
	GlobalSection(ExtensibilityGlobals) = postSolution
		SolutionGuid = {B00CE472-6AAA-4C2A-AB72-735D45724216}
	EndGlobalSection
EndGlobal
