
Microsoft Visual Studio Solution File, Format Version 12.00
# Visual Studio Version 17
VisualStudioVersion = 17.14.36518.9 d17.14
MinimumVisualStudioVersion = 10.0.40219.1
Project("{FAE04EC0-301F-11D3-BF4B-00C04F79EFBC}") = "py_ai_mod", "py_ai_mod\py_ai_mod.csproj", "{8F36226C-5F5C-4C6B-A4FE-75FEC2E94975}"
EndProject
Global
	GlobalSection(SolutionConfigurationPlatforms) = preSolution
		Debug|Any CPU = Debug|Any CPU
		Release|Any CPU = Release|Any CPU
	EndGlobalSection
	GlobalSection(ProjectConfigurationPlatforms) = postSolution
		{8F36226C-5F5C-4C6B-A4FE-75FEC2E94975}.Debug|Any CPU.ActiveCfg = Debug|Any CPU
		{8F36226C-5F5C-4C6B-A4FE-75FEC2E94975}.Debug|Any CPU.Build.0 = Debug|Any CPU
		{8F36226C-5F5C-4C6B-A4FE-75FEC2E94975}.Release|Any CPU.ActiveCfg = Release|Any CPU
		{8F36226C-5F5C-4C6B-A4FE-75FEC2E94975}.Release|Any CPU.Build.0 = Release|Any CPU
	EndGlobalSection
	GlobalSection(SolutionProperties) = preSolution
		HideSolutionNode = FALSE
	EndGlobalSection
	GlobalSection(ExtensibilityGlobals) = postSolution
		SolutionGuid = {8122DB8B-8BA6-4440-BE75-026749F95132}
	EndGlobalSection
EndGlobal
